
Microsoft Visual Studio Solution File, Format Version 12.00
# Visual Studio Version 17
VisualStudioVersion = 17.0.31903.59
MinimumVisualStudioVersion = 10.0.40219.1
Project("{FAE04EC0-301F-11D3-BF4B-00C04F79EFBC}") = "BuberDinner.Api", "BuberDinner.Api\BuberDinner.Api.csproj", "{B9906CB3-1CE4-488A-A77F-AD01C60EC629}"
EndProject
Project("{FAE04EC0-301F-11D3-BF4B-00C04F79EFBC}") = "BuberDinner.Application", "BuberDinner.Application\BuberDinner.Application.csproj", "{B06F0177-3466-4A5E-80B1-6A16EFEDB906}"
EndProject
Project("{FAE04EC0-301F-11D3-BF4B-00C04F79EFBC}") = "BuberDinner.Contracts", "BuberDinner.Contracts\BuberDinner.Contracts.csproj", "{8AA506A5-894D-4344-BD0B-DBE70AFFB9D0}"
EndProject
Project("{FAE04EC0-301F-11D3-BF4B-00C04F79EFBC}") = "BuberDinner.Domain", "BuberDinner.Domain\BuberDinner.Domain.csproj", "{C0C5AA9A-D738-4CBC-9FB4-7A35EBCE61B1}"
EndProject
Project("{FAE04EC0-301F-11D3-BF4B-00C04F79EFBC}") = "BuberDinner.Infrastructure", "BuberDinner.Infrastructure\BuberDinner.Infrastructure.csproj", "{7A317D7D-1538-4771-9C76-9C6C52214AC5}"
EndProject
Global
	GlobalSection(SolutionConfigurationPlatforms) = preSolution
		Debug|Any CPU = Debug|Any CPU
		Release|Any CPU = Release|Any CPU
	EndGlobalSection
	GlobalSection(SolutionProperties) = preSolution
		HideSolutionNode = FALSE
	EndGlobalSection
	GlobalSection(ProjectConfigurationPlatforms) = postSolution
		{B9906CB3-1CE4-488A-A77F-AD01C60EC629}.Debug|Any CPU.ActiveCfg = Debug|Any CPU
		{B9906CB3-1CE4-488A-A77F-AD01C60EC629}.Debug|Any CPU.Build.0 = Debug|Any CPU
		{B9906CB3-1CE4-488A-A77F-AD01C60EC629}.Release|Any CPU.ActiveCfg = Release|Any CPU
		{B9906CB3-1CE4-488A-A77F-AD01C60EC629}.Release|Any CPU.Build.0 = Release|Any CPU
		{B06F0177-3466-4A5E-80B1-6A16EFEDB906}.Debug|Any CPU.ActiveCfg = Debug|Any CPU
		{B06F0177-3466-4A5E-80B1-6A16EFEDB906}.Debug|Any CPU.Build.0 = Debug|Any CPU
		{B06F0177-3466-4A5E-80B1-6A16EFEDB906}.Release|Any CPU.ActiveCfg = Release|Any CPU
		{B06F0177-3466-4A5E-80B1-6A16EFEDB906}.Release|Any CPU.Build.0 = Release|Any CPU
		{8AA506A5-894D-4344-BD0B-DBE70AFFB9D0}.Debug|Any CPU.ActiveCfg = Debug|Any CPU
		{8AA506A5-894D-4344-BD0B-DBE70AFFB9D0}.Debug|Any CPU.Build.0 = Debug|Any CPU
		{8AA506A5-894D-4344-BD0B-DBE70AFFB9D0}.Release|Any CPU.ActiveCfg = Release|Any CPU
		{8AA506A5-894D-4344-BD0B-DBE70AFFB9D0}.Release|Any CPU.Build.0 = Release|Any CPU
		{C0C5AA9A-D738-4CBC-9FB4-7A35EBCE61B1}.Debug|Any CPU.ActiveCfg = Debug|Any CPU
		{C0C5AA9A-D738-4CBC-9FB4-7A35EBCE61B1}.Debug|Any CPU.Build.0 = Debug|Any CPU
		{C0C5AA9A-D738-4CBC-9FB4-7A35EBCE61B1}.Release|Any CPU.ActiveCfg = Release|Any CPU
		{C0C5AA9A-D738-4CBC-9FB4-7A35EBCE61B1}.Release|Any CPU.Build.0 = Release|Any CPU
		{7A317D7D-1538-4771-9C76-9C6C52214AC5}.Debug|Any CPU.ActiveCfg = Debug|Any CPU
		{7A317D7D-1538-4771-9C76-9C6C52214AC5}.Debug|Any CPU.Build.0 = Debug|Any CPU
		{7A317D7D-1538-4771-9C76-9C6C52214AC5}.Release|Any CPU.ActiveCfg = Release|Any CPU
		{7A317D7D-1538-4771-9C76-9C6C52214AC5}.Release|Any CPU.Build.0 = Release|Any CPU
	EndGlobalSection
EndGlobal
